
Microsoft Visual Studio Solution File, Format Version 12.00
# Visual Studio Version 17
VisualStudioVersion = 17.3.32819.101
MinimumVisualStudioVersion = 10.0.40219.1
Project("{FAE04EC0-301F-11D3-BF4B-00C04F79EFBC}") = "CoderDojo.Management.Discord", "CoderDojo.Management.Discord\CoderDojo.Management.Discord.csproj", "{205D97DC-40B1-4145-8F88-1F752A624588}"
EndProject
Global
	GlobalSection(SolutionConfigurationPlatforms) = preSolution
		Debug|Any CPU = Debug|Any CPU
		Release|Any CPU = Release|Any CPU
	EndGlobalSection
	GlobalSection(ProjectConfigurationPlatforms) = postSolution
		{205D97DC-40B1-4145-8F88-1F752A624588}.Debug|Any CPU.ActiveCfg = Debug|Any CPU
		{205D97DC-40B1-4145-8F88-1F752A624588}.Debug|Any CPU.Build.0 = Debug|Any CPU
		{205D97DC-40B1-4145-8F88-1F752A624588}.Release|Any CPU.ActiveCfg = Release|Any CPU
		{205D97DC-40B1-4145-8F88-1F752A624588}.Release|Any CPU.Build.0 = Release|Any CPU
	EndGlobalSection
	GlobalSection(SolutionProperties) = preSolution
		HideSolutionNode = FALSE
	EndGlobalSection
	GlobalSection(ExtensibilityGlobals) = postSolution
		SolutionGuid = {09D6D8AC-EE90-493F-8DF5-B066F337B474}
	EndGlobalSection
EndGlobal
